
Microsoft Visual Studio Solution File, Format Version 12.00
# Visual Studio Version 17
VisualStudioVersion = 17.9.34622.214
MinimumVisualStudioVersion = 10.0.40219.1
Project("{FAE04EC0-301F-11D3-BF4B-00C04F79EFBC}") = "Aloya.API", "Aloya.API\Aloya.API.csproj", "{60EF9092-8B9A-4D49-8763-31A197AFF62E}"
EndProject
Project("{FAE04EC0-301F-11D3-BF4B-00C04F79EFBC}") = "Aloya.Domain", "Aloya.Domain\Aloya.Domain.csproj", "{09B20B5E-040B-4C4B-A0E3-49C7A80E8A4C}"
EndProject
Project("{FAE04EC0-301F-11D3-BF4B-00C04F79EFBC}") = "Aloya.Core", "Aloya.Core\Aloya.Core.csproj", "{7D82A217-15B5-4664-8EE2-FEB1959A2188}"
EndProject
Project("{FAE04EC0-301F-11D3-BF4B-00C04F79EFBC}") = "Aloya.Entity", "Aloya.Entity\Aloya.Entity.csproj", "{652F2A18-A7BD-4F3B-B005-62ADFF23A412}"
EndProject
Project("{FAE04EC0-301F-11D3-BF4B-00C04F79EFBC}") = "Aloya.Transfer", "Aloya.Transfer\Aloya.Transfer.csproj", "{9A42A34D-845C-4761-BDB0-BF0883352781}"
EndProject
Global
	GlobalSection(SolutionConfigurationPlatforms) = preSolution
		Debug|Any CPU = Debug|Any CPU
		Release|Any CPU = Release|Any CPU
	EndGlobalSection
	GlobalSection(ProjectConfigurationPlatforms) = postSolution
		{60EF9092-8B9A-4D49-8763-31A197AFF62E}.Debug|Any CPU.ActiveCfg = Debug|Any CPU
		{60EF9092-8B9A-4D49-8763-31A197AFF62E}.Debug|Any CPU.Build.0 = Debug|Any CPU
		{60EF9092-8B9A-4D49-8763-31A197AFF62E}.Release|Any CPU.ActiveCfg = Release|Any CPU
		{60EF9092-8B9A-4D49-8763-31A197AFF62E}.Release|Any CPU.Build.0 = Release|Any CPU
		{09B20B5E-040B-4C4B-A0E3-49C7A80E8A4C}.Debug|Any CPU.ActiveCfg = Debug|Any CPU
		{09B20B5E-040B-4C4B-A0E3-49C7A80E8A4C}.Debug|Any CPU.Build.0 = Debug|Any CPU
		{09B20B5E-040B-4C4B-A0E3-49C7A80E8A4C}.Release|Any CPU.ActiveCfg = Release|Any CPU
		{09B20B5E-040B-4C4B-A0E3-49C7A80E8A4C}.Release|Any CPU.Build.0 = Release|Any CPU
		{7D82A217-15B5-4664-8EE2-FEB1959A2188}.Debug|Any CPU.ActiveCfg = Debug|Any CPU
		{7D82A217-15B5-4664-8EE2-FEB1959A2188}.Debug|Any CPU.Build.0 = Debug|Any CPU
		{7D82A217-15B5-4664-8EE2-FEB1959A2188}.Release|Any CPU.ActiveCfg = Release|Any CPU
		{7D82A217-15B5-4664-8EE2-FEB1959A2188}.Release|Any CPU.Build.0 = Release|Any CPU
		{652F2A18-A7BD-4F3B-B005-62ADFF23A412}.Debug|Any CPU.ActiveCfg = Debug|Any CPU
		{652F2A18-A7BD-4F3B-B005-62ADFF23A412}.Debug|Any CPU.Build.0 = Debug|Any CPU
		{652F2A18-A7BD-4F3B-B005-62ADFF23A412}.Release|Any CPU.ActiveCfg = Release|Any CPU
		{652F2A18-A7BD-4F3B-B005-62ADFF23A412}.Release|Any CPU.Build.0 = Release|Any CPU
		{9A42A34D-845C-4761-BDB0-BF0883352781}.Debug|Any CPU.ActiveCfg = Debug|Any CPU
		{9A42A34D-845C-4761-BDB0-BF0883352781}.Debug|Any CPU.Build.0 = Debug|Any CPU
		{9A42A34D-845C-4761-BDB0-BF0883352781}.Release|Any CPU.ActiveCfg = Release|Any CPU
		{9A42A34D-845C-4761-BDB0-BF0883352781}.Release|Any CPU.Build.0 = Release|Any CPU
	EndGlobalSection
	GlobalSection(SolutionProperties) = preSolution
		HideSolutionNode = FALSE
	EndGlobalSection
	GlobalSection(ExtensibilityGlobals) = postSolution
		SolutionGuid = {4E2F0E42-385E-4B20-9E6A-C628C6A1531C}
	EndGlobalSection
EndGlobal
